// !$*UTF8*$!
{
	archiveVersion = 1;
	classes = {
	};
	objectVersion = 46;
	objects = {

/* Begin PBXAggregateTarget section */
		"CRuntime::CRuntime::ProductTarget" /* CRuntime */ = {
			isa = PBXAggregateTarget;
			buildConfigurationList = OBJ_82 /* Build configuration list for PBXAggregateTarget "CRuntime" */;
			buildPhases = (
			);
			dependencies = (
			);
			name = CRuntime;
			productName = CRuntime;
		};
		"Runtime::RuntimePackageTests::ProductTarget" /* RuntimePackageTests */ = {
			isa = PBXAggregateTarget;
			buildConfigurationList = OBJ_143 /* Build configuration list for PBXAggregateTarget "RuntimePackageTests" */;
			buildPhases = (
			);
			dependencies = (
				OBJ_146 /* PBXTargetDependency */,
			);
			name = RuntimePackageTests;
			productName = RuntimePackageTests;
		};
/* End PBXAggregateTarget section */

/* Begin PBXBuildFile section */
		4A78BDD223450C8800424C83 /* FunctionMirror.swift in Sources */ = {isa = PBXBuildFile; fileRef = 4A78BDD123450C8800424C83 /* FunctionMirror.swift */; };
		4A78BDD723451E4E00424C83 /* HeapLocalVariableMetadataLayout.swift in Sources */ = {isa = PBXBuildFile; fileRef = 4A78BDD623451E4E00424C83 /* HeapLocalVariableMetadataLayout.swift */; };
		4A78BDD823452CF400424C83 /* FunctionMirrorTests.swift in Sources */ = {isa = PBXBuildFile; fileRef = 4A78BDD42345121200424C83 /* FunctionMirrorTests.swift */; };
		4A78BDDA23452EE700424C83 /* HeapLocalVariableMetadata.swift in Sources */ = {isa = PBXBuildFile; fileRef = 4A78BDD923452EE700424C83 /* HeapLocalVariableMetadata.swift */; };
		4AC0A845234A87500032793E /* MangledTypeName.swift in Sources */ = {isa = PBXBuildFile; fileRef = 4AC0A844234A87500032793E /* MangledTypeName.swift */; };
		OBJ_100 /* MetadataLayoutType.swift in Sources */ = {isa = PBXBuildFile; fileRef = OBJ_22 /* MetadataLayoutType.swift */; };
		OBJ_101 /* ProtocolDescriptor.swift in Sources */ = {isa = PBXBuildFile; fileRef = OBJ_23 /* ProtocolDescriptor.swift */; };
		OBJ_102 /* ProtocolMetadataLayout.swift in Sources */ = {isa = PBXBuildFile; fileRef = OBJ_24 /* ProtocolMetadataLayout.swift */; };
		OBJ_103 /* ProtocolTypeContainer.swift in Sources */ = {isa = PBXBuildFile; fileRef = OBJ_25 /* ProtocolTypeContainer.swift */; };
		OBJ_104 /* StructMetadataLayout.swift in Sources */ = {isa = PBXBuildFile; fileRef = OBJ_26 /* StructMetadataLayout.swift */; };
		OBJ_105 /* StructTypeDescriptor.swift in Sources */ = {isa = PBXBuildFile; fileRef = OBJ_27 /* StructTypeDescriptor.swift */; };
		OBJ_106 /* TargetTypeGenericContextDescriptorHeader.swift in Sources */ = {isa = PBXBuildFile; fileRef = OBJ_28 /* TargetTypeGenericContextDescriptorHeader.swift */; };
		OBJ_107 /* TupleMetadataLayout.swift in Sources */ = {isa = PBXBuildFile; fileRef = OBJ_29 /* TupleMetadataLayout.swift */; };
		OBJ_108 /* TypeDescriptor.swift in Sources */ = {isa = PBXBuildFile; fileRef = OBJ_30 /* TypeDescriptor.swift */; };
		OBJ_109 /* ValueWitnessTable.swift in Sources */ = {isa = PBXBuildFile; fileRef = OBJ_31 /* ValueWitnessTable.swift */; };
		OBJ_110 /* ClassMetadata.swift in Sources */ = {isa = PBXBuildFile; fileRef = OBJ_33 /* ClassMetadata.swift */; };
		OBJ_111 /* EnumMetadata.swift in Sources */ = {isa = PBXBuildFile; fileRef = OBJ_34 /* EnumMetadata.swift */; };
		OBJ_112 /* FuntionMetadata.swift in Sources */ = {isa = PBXBuildFile; fileRef = OBJ_35 /* FuntionMetadata.swift */; };
		OBJ_113 /* Metadata.swift in Sources */ = {isa = PBXBuildFile; fileRef = OBJ_36 /* Metadata.swift */; };
		OBJ_114 /* MetadataType.swift in Sources */ = {isa = PBXBuildFile; fileRef = OBJ_37 /* MetadataType.swift */; };
		OBJ_115 /* NominalMetadataType.swift in Sources */ = {isa = PBXBuildFile; fileRef = OBJ_38 /* NominalMetadataType.swift */; };
		OBJ_116 /* ProtocolMetadata.swift in Sources */ = {isa = PBXBuildFile; fileRef = OBJ_39 /* ProtocolMetadata.swift */; };
		OBJ_117 /* StructMetadata.swift in Sources */ = {isa = PBXBuildFile; fileRef = OBJ_40 /* StructMetadata.swift */; };
		OBJ_118 /* TupleMetadata.swift in Sources */ = {isa = PBXBuildFile; fileRef = OBJ_41 /* TupleMetadata.swift */; };
		OBJ_119 /* Case.swift in Sources */ = {isa = PBXBuildFile; fileRef = OBJ_43 /* Case.swift */; };
		OBJ_120 /* Errors.swift in Sources */ = {isa = PBXBuildFile; fileRef = OBJ_44 /* Errors.swift */; };
		OBJ_121 /* FunctionInfo.swift in Sources */ = {isa = PBXBuildFile; fileRef = OBJ_45 /* FunctionInfo.swift */; };
		OBJ_122 /* Kind.swift in Sources */ = {isa = PBXBuildFile; fileRef = OBJ_46 /* Kind.swift */; };
		OBJ_123 /* PropertyInfo.swift in Sources */ = {isa = PBXBuildFile; fileRef = OBJ_47 /* PropertyInfo.swift */; };
		OBJ_124 /* TypeInfo.swift in Sources */ = {isa = PBXBuildFile; fileRef = OBJ_48 /* TypeInfo.swift */; };
		OBJ_125 /* TypeInfoConvertible.swift in Sources */ = {isa = PBXBuildFile; fileRef = OBJ_49 /* TypeInfoConvertible.swift */; };
		OBJ_126 /* Pointers.swift in Sources */ = {isa = PBXBuildFile; fileRef = OBJ_51 /* Pointers.swift */; };
		OBJ_127 /* RelativePointer.swift in Sources */ = {isa = PBXBuildFile; fileRef = OBJ_52 /* RelativePointer.swift */; };
		OBJ_128 /* RelativeVectorPointer.swift in Sources */ = {isa = PBXBuildFile; fileRef = OBJ_53 /* RelativeVectorPointer.swift */; };
		OBJ_129 /* Union.swift in Sources */ = {isa = PBXBuildFile; fileRef = OBJ_54 /* Union.swift */; };
		OBJ_130 /* Vector.swift in Sources */ = {isa = PBXBuildFile; fileRef = OBJ_55 /* Vector.swift */; };
		OBJ_131 /* GettersSetters.swift in Sources */ = {isa = PBXBuildFile; fileRef = OBJ_57 /* GettersSetters.swift */; };
		OBJ_132 /* Pointer+Extensions.swift in Sources */ = {isa = PBXBuildFile; fileRef = OBJ_58 /* Pointer+Extensions.swift */; };
		OBJ_133 /* RetainCounts.swift in Sources */ = {isa = PBXBuildFile; fileRef = OBJ_59 /* RetainCounts.swift */; };
		OBJ_134 /* String+Extensions.swift in Sources */ = {isa = PBXBuildFile; fileRef = OBJ_60 /* String+Extensions.swift */; };
		OBJ_141 /* Package.swift in Sources */ = {isa = PBXBuildFile; fileRef = OBJ_6 /* Package.swift */; };
		OBJ_152 /* FactoryTests.swift in Sources */ = {isa = PBXBuildFile; fileRef = OBJ_64 /* FactoryTests.swift */; };
		OBJ_153 /* GetSetClassTests.swift in Sources */ = {isa = PBXBuildFile; fileRef = OBJ_65 /* GetSetClassTests.swift */; };
		OBJ_154 /* GetSetStructTests.swift in Sources */ = {isa = PBXBuildFile; fileRef = OBJ_66 /* GetSetStructTests.swift */; };
		OBJ_155 /* MetadataTests.swift in Sources */ = {isa = PBXBuildFile; fileRef = OBJ_67 /* MetadataTests.swift */; };
		OBJ_156 /* ValuePointerTests.swift in Sources */ = {isa = PBXBuildFile; fileRef = OBJ_68 /* ValuePointerTests.swift */; };
		OBJ_157 /* ValueWitnessTableTests.swift in Sources */ = {isa = PBXBuildFile; fileRef = OBJ_69 /* ValueWitnessTableTests.swift */; };
		OBJ_158 /* XCTestManifests.swift in Sources */ = {isa = PBXBuildFile; fileRef = OBJ_70 /* XCTestManifests.swift */; };
		OBJ_160 /* Runtime.framework in Frameworks */ = {isa = PBXBuildFile; fileRef = "Runtime::Runtime::Product" /* Runtime.framework */; };
		OBJ_90 /* DefaultValue.swift in Sources */ = {isa = PBXBuildFile; fileRef = OBJ_11 /* DefaultValue.swift */; };
		OBJ_91 /* Factory.swift in Sources */ = {isa = PBXBuildFile; fileRef = OBJ_12 /* Factory.swift */; };
		OBJ_92 /* ClassHeader.swift in Sources */ = {isa = PBXBuildFile; fileRef = OBJ_14 /* ClassHeader.swift */; };
		OBJ_93 /* ClassMetadataLayout.swift in Sources */ = {isa = PBXBuildFile; fileRef = OBJ_15 /* ClassMetadataLayout.swift */; };
		OBJ_94 /* ClassTypeDescriptor.swift in Sources */ = {isa = PBXBuildFile; fileRef = OBJ_16 /* ClassTypeDescriptor.swift */; };
		OBJ_95 /* EnumMetadataLayout.swift in Sources */ = {isa = PBXBuildFile; fileRef = OBJ_17 /* EnumMetadataLayout.swift */; };
		OBJ_96 /* EnumTypeDescriptor.swift in Sources */ = {isa = PBXBuildFile; fileRef = OBJ_18 /* EnumTypeDescriptor.swift */; };
		OBJ_97 /* ExistentialContainter.swift in Sources */ = {isa = PBXBuildFile; fileRef = OBJ_19 /* ExistentialContainter.swift */; };
		OBJ_98 /* FieldDescriptor.swift in Sources */ = {isa = PBXBuildFile; fileRef = OBJ_20 /* FieldDescriptor.swift */; };
		OBJ_99 /* FunctionMetadataLayout.swift in Sources */ = {isa = PBXBuildFile; fileRef = OBJ_21 /* FunctionMetadataLayout.swift */; };
/* End PBXBuildFile section */

/* Begin PBXContainerItemProxy section */
		4A78BDD02344FF6300424C83 /* PBXContainerItemProxy */ = {
			isa = PBXContainerItemProxy;
			containerPortal = OBJ_1 /* Project object */;
			proxyType = 1;
			remoteGlobalIDString = "Runtime::Runtime";
			remoteInfo = Runtime;
		};
		4A78BDD323450C8900424C83 /* PBXContainerItemProxy */ = {
			isa = PBXContainerItemProxy;
			containerPortal = OBJ_1 /* Project object */;
			proxyType = 1;
			remoteGlobalIDString = "Runtime::RuntimeTests";
			remoteInfo = RuntimeTests;
		};
/* End PBXContainerItemProxy section */

/* Begin PBXFileReference section */
		4A78BDD123450C8800424C83 /* FunctionMirror.swift */ = {isa = PBXFileReference; lastKnownFileType = sourcecode.swift; path = FunctionMirror.swift; sourceTree = "<group>"; };
		4A78BDD42345121200424C83 /* FunctionMirrorTests.swift */ = {isa = PBXFileReference; lastKnownFileType = sourcecode.swift; path = FunctionMirrorTests.swift; sourceTree = "<group>"; };
		4A78BDD623451E4E00424C83 /* HeapLocalVariableMetadataLayout.swift */ = {isa = PBXFileReference; lastKnownFileType = sourcecode.swift; path = HeapLocalVariableMetadataLayout.swift; sourceTree = "<group>"; };
		4A78BDD923452EE700424C83 /* HeapLocalVariableMetadata.swift */ = {isa = PBXFileReference; lastKnownFileType = sourcecode.swift; path = HeapLocalVariableMetadata.swift; sourceTree = "<group>"; };
		4AC0A844234A87500032793E /* MangledTypeName.swift */ = {isa = PBXFileReference; lastKnownFileType = sourcecode.swift; path = MangledTypeName.swift; sourceTree = "<group>"; };
		OBJ_11 /* DefaultValue.swift */ = {isa = PBXFileReference; lastKnownFileType = sourcecode.swift; path = DefaultValue.swift; sourceTree = "<group>"; };
		OBJ_12 /* Factory.swift */ = {isa = PBXFileReference; lastKnownFileType = sourcecode.swift; path = Factory.swift; sourceTree = "<group>"; };
		OBJ_14 /* ClassHeader.swift */ = {isa = PBXFileReference; lastKnownFileType = sourcecode.swift; path = ClassHeader.swift; sourceTree = "<group>"; };
		OBJ_15 /* ClassMetadataLayout.swift */ = {isa = PBXFileReference; lastKnownFileType = sourcecode.swift; path = ClassMetadataLayout.swift; sourceTree = "<group>"; };
		OBJ_16 /* ClassTypeDescriptor.swift */ = {isa = PBXFileReference; lastKnownFileType = sourcecode.swift; path = ClassTypeDescriptor.swift; sourceTree = "<group>"; };
		OBJ_17 /* EnumMetadataLayout.swift */ = {isa = PBXFileReference; lastKnownFileType = sourcecode.swift; path = EnumMetadataLayout.swift; sourceTree = "<group>"; };
		OBJ_18 /* EnumTypeDescriptor.swift */ = {isa = PBXFileReference; lastKnownFileType = sourcecode.swift; path = EnumTypeDescriptor.swift; sourceTree = "<group>"; };
		OBJ_19 /* ExistentialContainter.swift */ = {isa = PBXFileReference; lastKnownFileType = sourcecode.swift; path = ExistentialContainter.swift; sourceTree = "<group>"; };
		OBJ_20 /* FieldDescriptor.swift */ = {isa = PBXFileReference; lastKnownFileType = sourcecode.swift; path = FieldDescriptor.swift; sourceTree = "<group>"; };
		OBJ_21 /* FunctionMetadataLayout.swift */ = {isa = PBXFileReference; lastKnownFileType = sourcecode.swift; path = FunctionMetadataLayout.swift; sourceTree = "<group>"; };
		OBJ_22 /* MetadataLayoutType.swift */ = {isa = PBXFileReference; lastKnownFileType = sourcecode.swift; path = MetadataLayoutType.swift; sourceTree = "<group>"; };
		OBJ_23 /* ProtocolDescriptor.swift */ = {isa = PBXFileReference; lastKnownFileType = sourcecode.swift; path = ProtocolDescriptor.swift; sourceTree = "<group>"; };
		OBJ_24 /* ProtocolMetadataLayout.swift */ = {isa = PBXFileReference; lastKnownFileType = sourcecode.swift; path = ProtocolMetadataLayout.swift; sourceTree = "<group>"; };
		OBJ_25 /* ProtocolTypeContainer.swift */ = {isa = PBXFileReference; lastKnownFileType = sourcecode.swift; path = ProtocolTypeContainer.swift; sourceTree = "<group>"; };
		OBJ_26 /* StructMetadataLayout.swift */ = {isa = PBXFileReference; lastKnownFileType = sourcecode.swift; path = StructMetadataLayout.swift; sourceTree = "<group>"; };
		OBJ_27 /* StructTypeDescriptor.swift */ = {isa = PBXFileReference; lastKnownFileType = sourcecode.swift; path = StructTypeDescriptor.swift; sourceTree = "<group>"; };
		OBJ_28 /* TargetTypeGenericContextDescriptorHeader.swift */ = {isa = PBXFileReference; lastKnownFileType = sourcecode.swift; path = TargetTypeGenericContextDescriptorHeader.swift; sourceTree = "<group>"; };
		OBJ_29 /* TupleMetadataLayout.swift */ = {isa = PBXFileReference; lastKnownFileType = sourcecode.swift; path = TupleMetadataLayout.swift; sourceTree = "<group>"; };
		OBJ_30 /* TypeDescriptor.swift */ = {isa = PBXFileReference; lastKnownFileType = sourcecode.swift; path = TypeDescriptor.swift; sourceTree = "<group>"; };
		OBJ_31 /* ValueWitnessTable.swift */ = {isa = PBXFileReference; lastKnownFileType = sourcecode.swift; path = ValueWitnessTable.swift; sourceTree = "<group>"; };
		OBJ_33 /* ClassMetadata.swift */ = {isa = PBXFileReference; lastKnownFileType = sourcecode.swift; path = ClassMetadata.swift; sourceTree = "<group>"; };
		OBJ_34 /* EnumMetadata.swift */ = {isa = PBXFileReference; lastKnownFileType = sourcecode.swift; path = EnumMetadata.swift; sourceTree = "<group>"; };
		OBJ_35 /* FuntionMetadata.swift */ = {isa = PBXFileReference; lastKnownFileType = sourcecode.swift; path = FuntionMetadata.swift; sourceTree = "<group>"; };
		OBJ_36 /* Metadata.swift */ = {isa = PBXFileReference; lastKnownFileType = sourcecode.swift; path = Metadata.swift; sourceTree = "<group>"; };
		OBJ_37 /* MetadataType.swift */ = {isa = PBXFileReference; lastKnownFileType = sourcecode.swift; path = MetadataType.swift; sourceTree = "<group>"; };
		OBJ_38 /* NominalMetadataType.swift */ = {isa = PBXFileReference; lastKnownFileType = sourcecode.swift; path = NominalMetadataType.swift; sourceTree = "<group>"; };
		OBJ_39 /* ProtocolMetadata.swift */ = {isa = PBXFileReference; lastKnownFileType = sourcecode.swift; path = ProtocolMetadata.swift; sourceTree = "<group>"; };
		OBJ_40 /* StructMetadata.swift */ = {isa = PBXFileReference; lastKnownFileType = sourcecode.swift; path = StructMetadata.swift; sourceTree = "<group>"; };
		OBJ_41 /* TupleMetadata.swift */ = {isa = PBXFileReference; lastKnownFileType = sourcecode.swift; path = TupleMetadata.swift; sourceTree = "<group>"; };
		OBJ_43 /* Case.swift */ = {isa = PBXFileReference; lastKnownFileType = sourcecode.swift; path = Case.swift; sourceTree = "<group>"; };
		OBJ_44 /* Errors.swift */ = {isa = PBXFileReference; lastKnownFileType = sourcecode.swift; path = Errors.swift; sourceTree = "<group>"; };
		OBJ_45 /* FunctionInfo.swift */ = {isa = PBXFileReference; lastKnownFileType = sourcecode.swift; path = FunctionInfo.swift; sourceTree = "<group>"; };
		OBJ_46 /* Kind.swift */ = {isa = PBXFileReference; lastKnownFileType = sourcecode.swift; path = Kind.swift; sourceTree = "<group>"; };
		OBJ_47 /* PropertyInfo.swift */ = {isa = PBXFileReference; lastKnownFileType = sourcecode.swift; path = PropertyInfo.swift; sourceTree = "<group>"; };
		OBJ_48 /* TypeInfo.swift */ = {isa = PBXFileReference; lastKnownFileType = sourcecode.swift; path = TypeInfo.swift; sourceTree = "<group>"; };
		OBJ_49 /* TypeInfoConvertible.swift */ = {isa = PBXFileReference; lastKnownFileType = sourcecode.swift; path = TypeInfoConvertible.swift; sourceTree = "<group>"; };
		OBJ_51 /* Pointers.swift */ = {isa = PBXFileReference; lastKnownFileType = sourcecode.swift; path = Pointers.swift; sourceTree = "<group>"; };
		OBJ_52 /* RelativePointer.swift */ = {isa = PBXFileReference; lastKnownFileType = sourcecode.swift; path = RelativePointer.swift; sourceTree = "<group>"; };
		OBJ_53 /* RelativeVectorPointer.swift */ = {isa = PBXFileReference; lastKnownFileType = sourcecode.swift; path = RelativeVectorPointer.swift; sourceTree = "<group>"; };
		OBJ_54 /* Union.swift */ = {isa = PBXFileReference; lastKnownFileType = sourcecode.swift; path = Union.swift; sourceTree = "<group>"; };
		OBJ_55 /* Vector.swift */ = {isa = PBXFileReference; lastKnownFileType = sourcecode.swift; path = Vector.swift; sourceTree = "<group>"; };
		OBJ_57 /* GettersSetters.swift */ = {isa = PBXFileReference; lastKnownFileType = sourcecode.swift; path = GettersSetters.swift; sourceTree = "<group>"; };
		OBJ_58 /* Pointer+Extensions.swift */ = {isa = PBXFileReference; lastKnownFileType = sourcecode.swift; path = "Pointer+Extensions.swift"; sourceTree = "<group>"; };
		OBJ_59 /* RetainCounts.swift */ = {isa = PBXFileReference; lastKnownFileType = sourcecode.swift; path = RetainCounts.swift; sourceTree = "<group>"; };
		OBJ_6 /* Package.swift */ = {isa = PBXFileReference; explicitFileType = sourcecode.swift; path = Package.swift; sourceTree = "<group>"; };
		OBJ_60 /* String+Extensions.swift */ = {isa = PBXFileReference; lastKnownFileType = sourcecode.swift; path = "String+Extensions.swift"; sourceTree = "<group>"; };
		OBJ_63 /* Info.plist */ = {isa = PBXFileReference; lastKnownFileType = text.plist.xml; path = Info.plist; sourceTree = "<group>"; };
		OBJ_64 /* FactoryTests.swift */ = {isa = PBXFileReference; lastKnownFileType = sourcecode.swift; path = FactoryTests.swift; sourceTree = "<group>"; };
		OBJ_65 /* GetSetClassTests.swift */ = {isa = PBXFileReference; lastKnownFileType = sourcecode.swift; path = GetSetClassTests.swift; sourceTree = "<group>"; };
		OBJ_66 /* GetSetStructTests.swift */ = {isa = PBXFileReference; lastKnownFileType = sourcecode.swift; path = GetSetStructTests.swift; sourceTree = "<group>"; };
		OBJ_67 /* MetadataTests.swift */ = {isa = PBXFileReference; lastKnownFileType = sourcecode.swift; path = MetadataTests.swift; sourceTree = "<group>"; };
		OBJ_68 /* ValuePointerTests.swift */ = {isa = PBXFileReference; lastKnownFileType = sourcecode.swift; path = ValuePointerTests.swift; sourceTree = "<group>"; };
		OBJ_69 /* ValueWitnessTableTests.swift */ = {isa = PBXFileReference; lastKnownFileType = sourcecode.swift; path = ValueWitnessTableTests.swift; sourceTree = "<group>"; };
		OBJ_70 /* XCTestManifests.swift */ = {isa = PBXFileReference; lastKnownFileType = sourcecode.swift; path = XCTestManifests.swift; sourceTree = "<group>"; };
		OBJ_75 /* Resources */ = {isa = PBXFileReference; lastKnownFileType = folder; path = Resources; sourceTree = SOURCE_ROOT; };
		OBJ_76 /* Scripts */ = {isa = PBXFileReference; lastKnownFileType = folder; path = Scripts; sourceTree = SOURCE_ROOT; };
		OBJ_77 /* LICENSE */ = {isa = PBXFileReference; lastKnownFileType = text; path = LICENSE; sourceTree = "<group>"; };
		OBJ_78 /* README.md */ = {isa = PBXFileReference; lastKnownFileType = net.daringfireball.markdown; path = README.md; sourceTree = "<group>"; };
		OBJ_79 /* Podfile */ = {isa = PBXFileReference; lastKnownFileType = text; path = Podfile; sourceTree = "<group>"; };
		OBJ_80 /* Runtime.podspec */ = {isa = PBXFileReference; lastKnownFileType = text; path = Runtime.podspec; sourceTree = "<group>"; };
		OBJ_9 /* Runtime.h */ = {isa = PBXFileReference; lastKnownFileType = sourcecode.c.h; path = Runtime.h; sourceTree = "<group>"; };
		"Runtime::Runtime::Product" /* Runtime.framework */ = {isa = PBXFileReference; lastKnownFileType = wrapper.framework; path = Runtime.framework; sourceTree = BUILT_PRODUCTS_DIR; };
		"Runtime::RuntimeTests::Product" /* RuntimeTests.xctest */ = {isa = PBXFileReference; lastKnownFileType = file; path = RuntimeTests.xctest; sourceTree = BUILT_PRODUCTS_DIR; };
/* End PBXFileReference section */

/* Begin PBXFrameworksBuildPhase section */
		OBJ_135 /* Frameworks */ = {
			isa = PBXFrameworksBuildPhase;
			buildActionMask = 0;
			files = (
			);
			runOnlyForDeploymentPostprocessing = 0;
		};
		OBJ_159 /* Frameworks */ = {
			isa = PBXFrameworksBuildPhase;
			buildActionMask = 0;
			files = (
				OBJ_160 /* Runtime.framework in Frameworks */,
			);
			runOnlyForDeploymentPostprocessing = 0;
		};
/* End PBXFrameworksBuildPhase section */

/* Begin PBXGroup section */
		OBJ_10 /* Factory */ = {
			isa = PBXGroup;
			children = (
				OBJ_11 /* DefaultValue.swift */,
				OBJ_12 /* Factory.swift */,
			);
			path = Factory;
			sourceTree = "<group>";
		};
		OBJ_13 /* Layouts */ = {
			isa = PBXGroup;
			children = (
				OBJ_14 /* ClassHeader.swift */,
				OBJ_15 /* ClassMetadataLayout.swift */,
				OBJ_16 /* ClassTypeDescriptor.swift */,
				OBJ_17 /* EnumMetadataLayout.swift */,
				OBJ_18 /* EnumTypeDescriptor.swift */,
				OBJ_19 /* ExistentialContainter.swift */,
				OBJ_20 /* FieldDescriptor.swift */,
				OBJ_21 /* FunctionMetadataLayout.swift */,
				OBJ_22 /* MetadataLayoutType.swift */,
				OBJ_23 /* ProtocolDescriptor.swift */,
				OBJ_24 /* ProtocolMetadataLayout.swift */,
				OBJ_25 /* ProtocolTypeContainer.swift */,
				OBJ_26 /* StructMetadataLayout.swift */,
				OBJ_27 /* StructTypeDescriptor.swift */,
				OBJ_28 /* TargetTypeGenericContextDescriptorHeader.swift */,
				OBJ_29 /* TupleMetadataLayout.swift */,
				OBJ_30 /* TypeDescriptor.swift */,
				OBJ_31 /* ValueWitnessTable.swift */,
				4A78BDD623451E4E00424C83 /* HeapLocalVariableMetadataLayout.swift */,
				4AC0A844234A87500032793E /* MangledTypeName.swift */,
			);
			path = Layouts;
			sourceTree = "<group>";
		};
		OBJ_32 /* Metadata */ = {
			isa = PBXGroup;
			children = (
				OBJ_33 /* ClassMetadata.swift */,
				OBJ_34 /* EnumMetadata.swift */,
				OBJ_35 /* FuntionMetadata.swift */,
				OBJ_36 /* Metadata.swift */,
				OBJ_37 /* MetadataType.swift */,
				OBJ_38 /* NominalMetadataType.swift */,
				OBJ_39 /* ProtocolMetadata.swift */,
				OBJ_40 /* StructMetadata.swift */,
				OBJ_41 /* TupleMetadata.swift */,
				4A78BDD923452EE700424C83 /* HeapLocalVariableMetadata.swift */,
			);
			path = Metadata;
			sourceTree = "<group>";
		};
		OBJ_42 /* Models */ = {
			isa = PBXGroup;
			children = (
				OBJ_43 /* Case.swift */,
				OBJ_44 /* Errors.swift */,
				OBJ_45 /* FunctionInfo.swift */,
				OBJ_46 /* Kind.swift */,
				OBJ_47 /* PropertyInfo.swift */,
				OBJ_48 /* TypeInfo.swift */,
				OBJ_49 /* TypeInfoConvertible.swift */,
				4A78BDD123450C8800424C83 /* FunctionMirror.swift */,
			);
			path = Models;
			sourceTree = "<group>";
		};
		OBJ_5 = {
			isa = PBXGroup;
			children = (
				OBJ_6 /* Package.swift */,
				OBJ_7 /* Sources */,
				OBJ_61 /* Tests */,
				OBJ_71 /* Dependencies */,
				OBJ_72 /* Products */,
				OBJ_75 /* Resources */,
				OBJ_76 /* Scripts */,
				OBJ_77 /* LICENSE */,
				OBJ_78 /* README.md */,
				OBJ_79 /* Podfile */,
				OBJ_80 /* Runtime.podspec */,
			);
			sourceTree = "<group>";
		};
		OBJ_50 /* Pointers */ = {
			isa = PBXGroup;
			children = (
				OBJ_51 /* Pointers.swift */,
				OBJ_52 /* RelativePointer.swift */,
				OBJ_53 /* RelativeVectorPointer.swift */,
				OBJ_54 /* Union.swift */,
				OBJ_55 /* Vector.swift */,
			);
			path = Pointers;
			sourceTree = "<group>";
		};
		OBJ_56 /* Utilities */ = {
			isa = PBXGroup;
			children = (
				OBJ_57 /* GettersSetters.swift */,
				OBJ_58 /* Pointer+Extensions.swift */,
				OBJ_59 /* RetainCounts.swift */,
				OBJ_60 /* String+Extensions.swift */,
			);
			path = Utilities;
			sourceTree = "<group>";
		};
		OBJ_61 /* Tests */ = {
			isa = PBXGroup;
			children = (
				OBJ_62 /* RuntimeTests */,
			);
			name = Tests;
			sourceTree = SOURCE_ROOT;
		};
		OBJ_62 /* RuntimeTests */ = {
			isa = PBXGroup;
			children = (
				OBJ_63 /* Info.plist */,
				OBJ_64 /* FactoryTests.swift */,
				OBJ_65 /* GetSetClassTests.swift */,
				OBJ_66 /* GetSetStructTests.swift */,
				4A78BDD42345121200424C83 /* FunctionMirrorTests.swift */,
				OBJ_67 /* MetadataTests.swift */,
				OBJ_68 /* ValuePointerTests.swift */,
				OBJ_69 /* ValueWitnessTableTests.swift */,
				OBJ_70 /* XCTestManifests.swift */,
			);
			name = RuntimeTests;
			path = Tests/RuntimeTests;
			sourceTree = SOURCE_ROOT;
		};
		OBJ_7 /* Sources */ = {
			isa = PBXGroup;
			children = (
				OBJ_8 /* Runtime */,
			);
			name = Sources;
			sourceTree = SOURCE_ROOT;
		};
		OBJ_71 /* Dependencies */ = {
			isa = PBXGroup;
			children = (
			);
			name = Dependencies;
			sourceTree = "<group>";
		};
		OBJ_72 /* Products */ = {
			isa = PBXGroup;
			children = (
				"Runtime::Runtime::Product" /* Runtime.framework */,
				"Runtime::RuntimeTests::Product" /* RuntimeTests.xctest */,
			);
			name = Products;
			sourceTree = BUILT_PRODUCTS_DIR;
		};
		OBJ_8 /* Runtime */ = {
			isa = PBXGroup;
			children = (
				OBJ_9 /* Runtime.h */,
				OBJ_10 /* Factory */,
				OBJ_13 /* Layouts */,
				OBJ_32 /* Metadata */,
				OBJ_42 /* Models */,
				OBJ_50 /* Pointers */,
				OBJ_56 /* Utilities */,
			);
			name = Runtime;
			path = Sources/Runtime;
			sourceTree = SOURCE_ROOT;
		};
/* End PBXGroup section */

/* Begin PBXNativeTarget section */
		"Runtime::Runtime" /* Runtime */ = {
			isa = PBXNativeTarget;
			buildConfigurationList = OBJ_86 /* Build configuration list for PBXNativeTarget "Runtime" */;
			buildPhases = (
				OBJ_89 /* Sources */,
				OBJ_135 /* Frameworks */,
			);
			buildRules = (
			);
			dependencies = (
			);
			name = Runtime;
			productName = Runtime;
			productReference = "Runtime::Runtime::Product" /* Runtime.framework */;
			productType = "com.apple.product-type.framework";
		};
		"Runtime::RuntimeTests" /* RuntimeTests */ = {
			isa = PBXNativeTarget;
			buildConfigurationList = OBJ_148 /* Build configuration list for PBXNativeTarget "RuntimeTests" */;
			buildPhases = (
				OBJ_151 /* Sources */,
				OBJ_159 /* Frameworks */,
			);
			buildRules = (
			);
			dependencies = (
				OBJ_161 /* PBXTargetDependency */,
			);
			name = RuntimeTests;
			productName = RuntimeTests;
			productReference = "Runtime::RuntimeTests::Product" /* RuntimeTests.xctest */;
			productType = "com.apple.product-type.bundle.unit-test";
		};
		"Runtime::SwiftPMPackageDescription" /* RuntimePackageDescription */ = {
			isa = PBXNativeTarget;
			buildConfigurationList = OBJ_137 /* Build configuration list for PBXNativeTarget "RuntimePackageDescription" */;
			buildPhases = (
				OBJ_140 /* Sources */,
			);
			buildRules = (
			);
			dependencies = (
			);
			name = RuntimePackageDescription;
			productName = RuntimePackageDescription;
			productType = "com.apple.product-type.framework";
		};
/* End PBXNativeTarget section */

/* Begin PBXProject section */
		OBJ_1 /* Project object */ = {
			isa = PBXProject;
			attributes = {
				LastSwiftMigration = 9999;
				LastUpgradeCheck = 9999;
			};
			buildConfigurationList = OBJ_2 /* Build configuration list for PBXProject "Runtime" */;
			compatibilityVersion = "Xcode 3.2";
			developmentRegion = en;
			hasScannedForEncodings = 0;
			knownRegions = (
				en,
			);
			mainGroup = OBJ_5;
			productRefGroup = OBJ_72 /* Products */;
			projectDirPath = "";
			projectRoot = "";
			targets = (
				"CRuntime::CRuntime::ProductTarget" /* CRuntime */,
				"Runtime::Runtime" /* Runtime */,
				"Runtime::SwiftPMPackageDescription" /* RuntimePackageDescription */,
				"Runtime::RuntimePackageTests::ProductTarget" /* RuntimePackageTests */,
				"Runtime::RuntimeTests" /* RuntimeTests */,
			);
		};
/* End PBXProject section */

/* Begin PBXSourcesBuildPhase section */
		OBJ_140 /* Sources */ = {
			isa = PBXSourcesBuildPhase;
			buildActionMask = 0;
			files = (
				OBJ_141 /* Package.swift in Sources */,
			);
			runOnlyForDeploymentPostprocessing = 0;
		};
		OBJ_151 /* Sources */ = {
			isa = PBXSourcesBuildPhase;
			buildActionMask = 0;
			files = (
				4A78BDD823452CF400424C83 /* FunctionMirrorTests.swift in Sources */,
				OBJ_152 /* FactoryTests.swift in Sources */,
				OBJ_153 /* GetSetClassTests.swift in Sources */,
				OBJ_154 /* GetSetStructTests.swift in Sources */,
				OBJ_155 /* MetadataTests.swift in Sources */,
				OBJ_156 /* ValuePointerTests.swift in Sources */,
				OBJ_157 /* ValueWitnessTableTests.swift in Sources */,
				OBJ_158 /* XCTestManifests.swift in Sources */,
			);
			runOnlyForDeploymentPostprocessing = 0;
		};
		OBJ_89 /* Sources */ = {
			isa = PBXSourcesBuildPhase;
			buildActionMask = 0;
			files = (
				OBJ_90 /* DefaultValue.swift in Sources */,
				OBJ_91 /* Factory.swift in Sources */,
				OBJ_92 /* ClassHeader.swift in Sources */,
				OBJ_93 /* ClassMetadataLayout.swift in Sources */,
				OBJ_94 /* ClassTypeDescriptor.swift in Sources */,
				OBJ_95 /* EnumMetadataLayout.swift in Sources */,
				OBJ_96 /* EnumTypeDescriptor.swift in Sources */,
				OBJ_97 /* ExistentialContainter.swift in Sources */,
				OBJ_98 /* FieldDescriptor.swift in Sources */,
				OBJ_99 /* FunctionMetadataLayout.swift in Sources */,
				OBJ_100 /* MetadataLayoutType.swift in Sources */,
				OBJ_101 /* ProtocolDescriptor.swift in Sources */,
				OBJ_102 /* ProtocolMetadataLayout.swift in Sources */,
				OBJ_103 /* ProtocolTypeContainer.swift in Sources */,
				OBJ_104 /* StructMetadataLayout.swift in Sources */,
				OBJ_105 /* StructTypeDescriptor.swift in Sources */,
				OBJ_106 /* TargetTypeGenericContextDescriptorHeader.swift in Sources */,
				OBJ_107 /* TupleMetadataLayout.swift in Sources */,
				OBJ_108 /* TypeDescriptor.swift in Sources */,
				OBJ_109 /* ValueWitnessTable.swift in Sources */,
				OBJ_110 /* ClassMetadata.swift in Sources */,
				OBJ_111 /* EnumMetadata.swift in Sources */,
				OBJ_112 /* FuntionMetadata.swift in Sources */,
				OBJ_113 /* Metadata.swift in Sources */,
				OBJ_114 /* MetadataType.swift in Sources */,
				OBJ_115 /* NominalMetadataType.swift in Sources */,
				4A78BDDA23452EE700424C83 /* HeapLocalVariableMetadata.swift in Sources */,
				OBJ_116 /* ProtocolMetadata.swift in Sources */,
				OBJ_117 /* StructMetadata.swift in Sources */,
				OBJ_118 /* TupleMetadata.swift in Sources */,
				4A78BDD723451E4E00424C83 /* HeapLocalVariableMetadataLayout.swift in Sources */,
				OBJ_119 /* Case.swift in Sources */,
				OBJ_120 /* Errors.swift in Sources */,
				4AC0A845234A87500032793E /* MangledTypeName.swift in Sources */,
				OBJ_121 /* FunctionInfo.swift in Sources */,
				OBJ_122 /* Kind.swift in Sources */,
				OBJ_123 /* PropertyInfo.swift in Sources */,
				4A78BDD223450C8800424C83 /* FunctionMirror.swift in Sources */,
				OBJ_124 /* TypeInfo.swift in Sources */,
				OBJ_125 /* TypeInfoConvertible.swift in Sources */,
				OBJ_126 /* Pointers.swift in Sources */,
				OBJ_127 /* RelativePointer.swift in Sources */,
				OBJ_128 /* RelativeVectorPointer.swift in Sources */,
				OBJ_129 /* Union.swift in Sources */,
				OBJ_130 /* Vector.swift in Sources */,
				OBJ_131 /* GettersSetters.swift in Sources */,
				OBJ_132 /* Pointer+Extensions.swift in Sources */,
				OBJ_133 /* RetainCounts.swift in Sources */,
				OBJ_134 /* String+Extensions.swift in Sources */,
			);
			runOnlyForDeploymentPostprocessing = 0;
		};
/* End PBXSourcesBuildPhase section */

/* Begin PBXTargetDependency section */
		OBJ_146 /* PBXTargetDependency */ = {
			isa = PBXTargetDependency;
			target = "Runtime::RuntimeTests" /* RuntimeTests */;
			targetProxy = 4A78BDD323450C8900424C83 /* PBXContainerItemProxy */;
		};
		OBJ_161 /* PBXTargetDependency */ = {
			isa = PBXTargetDependency;
			target = "Runtime::Runtime" /* Runtime */;
			targetProxy = 4A78BDD02344FF6300424C83 /* PBXContainerItemProxy */;
		};
/* End PBXTargetDependency section */

/* Begin XCBuildConfiguration section */
		OBJ_138 /* Debug */ = {
			isa = XCBuildConfiguration;
			buildSettings = {
				LD = /usr/bin/true;
				OTHER_SWIFT_FLAGS = "-swift-version 5 -I $(TOOLCHAIN_DIR)/usr/lib/swift/pm/4_2 -target x86_64-apple-macosx10.10 -sdk /Applications/Xcode-11.0.app/Contents/Developer/Platforms/MacOSX.platform/Developer/SDKs/MacOSX10.15.sdk -package-description-version 5";
				SWIFT_VERSION = 5.0;
			};
			name = Debug;
		};
		OBJ_139 /* Release */ = {
			isa = XCBuildConfiguration;
			buildSettings = {
				LD = /usr/bin/true;
				OTHER_SWIFT_FLAGS = "-swift-version 5 -I $(TOOLCHAIN_DIR)/usr/lib/swift/pm/4_2 -target x86_64-apple-macosx10.10 -sdk /Applications/Xcode-11.0.app/Contents/Developer/Platforms/MacOSX.platform/Developer/SDKs/MacOSX10.15.sdk -package-description-version 5";
				SWIFT_VERSION = 5.0;
			};
			name = Release;
		};
		OBJ_144 /* Debug */ = {
			isa = XCBuildConfiguration;
			buildSettings = {
			};
			name = Debug;
		};
		OBJ_145 /* Release */ = {
			isa = XCBuildConfiguration;
			buildSettings = {
			};
			name = Release;
		};
		OBJ_149 /* Debug */ = {
			isa = XCBuildConfiguration;
			buildSettings = {
				CLANG_ENABLE_MODULES = YES;
				EMBEDDED_CONTENT_CONTAINS_SWIFT = YES;
				FRAMEWORK_SEARCH_PATHS = (
					"$(inherited)",
					"$(PLATFORM_DIR)/Developer/Library/Frameworks",
				);
				HEADER_SEARCH_PATHS = (
					"$(inherited)",
					"$(SRCROOT)/.build/checkouts/CRuntime/Sources/CRuntime",
				);
				INFOPLIST_FILE = Runtime.xcodeproj/RuntimeTests_Info.plist;
				IPHONEOS_DEPLOYMENT_TARGET = 8.0;
				LD_RUNPATH_SEARCH_PATHS = "$(inherited) @loader_path/../Frameworks @loader_path/Frameworks";
				MACOSX_DEPLOYMENT_TARGET = 10.10;
				OTHER_CFLAGS = "$(inherited)";
				OTHER_LDFLAGS = "$(inherited)";
				OTHER_SWIFT_FLAGS = "$(inherited)";
				SWIFT_ACTIVE_COMPILATION_CONDITIONS = "$(inherited)";
				SWIFT_VERSION = 5.0;
				TARGET_NAME = RuntimeTests;
				TVOS_DEPLOYMENT_TARGET = 9.0;
				WATCHOS_DEPLOYMENT_TARGET = 2.0;
			};
			name = Debug;
		};
		OBJ_150 /* Release */ = {
			isa = XCBuildConfiguration;
			buildSettings = {
				CLANG_ENABLE_MODULES = YES;
				EMBEDDED_CONTENT_CONTAINS_SWIFT = YES;
				FRAMEWORK_SEARCH_PATHS = (
					"$(inherited)",
					"$(PLATFORM_DIR)/Developer/Library/Frameworks",
				);
				HEADER_SEARCH_PATHS = (
					"$(inherited)",
					"$(SRCROOT)/.build/checkouts/CRuntime/Sources/CRuntime",
				);
				INFOPLIST_FILE = Runtime.xcodeproj/RuntimeTests_Info.plist;
				IPHONEOS_DEPLOYMENT_TARGET = 8.0;
				LD_RUNPATH_SEARCH_PATHS = "$(inherited) @loader_path/../Frameworks @loader_path/Frameworks";
				MACOSX_DEPLOYMENT_TARGET = 10.10;
				OTHER_CFLAGS = "$(inherited)";
				OTHER_LDFLAGS = "$(inherited)";
				OTHER_SWIFT_FLAGS = "$(inherited)";
				SWIFT_ACTIVE_COMPILATION_CONDITIONS = "$(inherited)";
				SWIFT_VERSION = 5.0;
				TARGET_NAME = RuntimeTests;
				TVOS_DEPLOYMENT_TARGET = 9.0;
				WATCHOS_DEPLOYMENT_TARGET = 2.0;
			};
			name = Release;
		};
		OBJ_3 /* Debug */ = {
			isa = XCBuildConfiguration;
			buildSettings = {
				CLANG_ENABLE_OBJC_ARC = YES;
				COMBINE_HIDPI_IMAGES = YES;
				COPY_PHASE_STRIP = NO;
				DEBUG_INFORMATION_FORMAT = dwarf;
				DYLIB_INSTALL_NAME_BASE = "@rpath";
				ENABLE_NS_ASSERTIONS = YES;
				GCC_OPTIMIZATION_LEVEL = 0;
				GCC_PREPROCESSOR_DEFINITIONS = (
					"$(inherited)",
					"SWIFT_PACKAGE=1",
					"DEBUG=1",
				);
				MACOSX_DEPLOYMENT_TARGET = 10.10;
				ONLY_ACTIVE_ARCH = YES;
				OTHER_SWIFT_FLAGS = "$(inherited) -DXcode";
				PRODUCT_NAME = "$(TARGET_NAME)";
				SDKROOT = macosx;
				SUPPORTED_PLATFORMS = "macosx iphoneos iphonesimulator appletvos appletvsimulator watchos watchsimulator";
				SWIFT_ACTIVE_COMPILATION_CONDITIONS = "$(inherited) SWIFT_PACKAGE DEBUG";
				SWIFT_OPTIMIZATION_LEVEL = "-Onone";
				USE_HEADERMAP = NO;
			};
			name = Debug;
		};
		OBJ_4 /* Release */ = {
			isa = XCBuildConfiguration;
			buildSettings = {
				CLANG_ENABLE_OBJC_ARC = YES;
				COMBINE_HIDPI_IMAGES = YES;
				COPY_PHASE_STRIP = YES;
				DEBUG_INFORMATION_FORMAT = "dwarf-with-dsym";
				DYLIB_INSTALL_NAME_BASE = "@rpath";
				GCC_OPTIMIZATION_LEVEL = s;
				GCC_PREPROCESSOR_DEFINITIONS = (
					"$(inherited)",
					"SWIFT_PACKAGE=1",
				);
				MACOSX_DEPLOYMENT_TARGET = 10.10;
				OTHER_SWIFT_FLAGS = "$(inherited) -DXcode";
				PRODUCT_NAME = "$(TARGET_NAME)";
				SDKROOT = macosx;
				SUPPORTED_PLATFORMS = "macosx iphoneos iphonesimulator appletvos appletvsimulator watchos watchsimulator";
				SWIFT_ACTIVE_COMPILATION_CONDITIONS = "$(inherited) SWIFT_PACKAGE";
				SWIFT_OPTIMIZATION_LEVEL = "-Owholemodule";
				USE_HEADERMAP = NO;
			};
			name = Release;
		};
		OBJ_83 /* Debug */ = {
			isa = XCBuildConfiguration;
			buildSettings = {
			};
			name = Debug;
		};
		OBJ_84 /* Release */ = {
			isa = XCBuildConfiguration;
			buildSettings = {
			};
			name = Release;
		};
		OBJ_87 /* Debug */ = {
			isa = XCBuildConfiguration;
			buildSettings = {
				ENABLE_TESTABILITY = YES;
				FRAMEWORK_SEARCH_PATHS = (
					"$(inherited)",
					"$(PLATFORM_DIR)/Developer/Library/Frameworks",
				);
				HEADER_SEARCH_PATHS = (
					"$(inherited)",
					"$(SRCROOT)/.build/checkouts/CRuntime/Sources/CRuntime",
				);
				INFOPLIST_FILE = Runtime.xcodeproj/Runtime_Info.plist;
				IPHONEOS_DEPLOYMENT_TARGET = 8.0;
				LD_RUNPATH_SEARCH_PATHS = "$(inherited) $(TOOLCHAIN_DIR)/usr/lib/swift/macosx";
				MACOSX_DEPLOYMENT_TARGET = 10.10;
				OTHER_CFLAGS = "$(inherited)";
				OTHER_LDFLAGS = "$(inherited)";
				OTHER_SWIFT_FLAGS = "$(inherited)";
				PRODUCT_BUNDLE_IDENTIFIER = Runtime;
				PRODUCT_MODULE_NAME = "$(TARGET_NAME:c99extidentifier)";
				PRODUCT_NAME = "$(TARGET_NAME:c99extidentifier)";
				SKIP_INSTALL = YES;
				SWIFT_ACTIVE_COMPILATION_CONDITIONS = "$(inherited)";
				SWIFT_VERSION = 5.0;
				TARGET_NAME = Runtime;
				TVOS_DEPLOYMENT_TARGET = 9.0;
				WATCHOS_DEPLOYMENT_TARGET = 2.0;
			};
			name = Debug;
		};
		OBJ_88 /* Release */ = {
			isa = XCBuildConfiguration;
			buildSettings = {
				ENABLE_TESTABILITY = YES;
				FRAMEWORK_SEARCH_PATHS = (
					"$(inherited)",
					"$(PLATFORM_DIR)/Developer/Library/Frameworks",
				);
				HEADER_SEARCH_PATHS = (
					"$(inherited)",
					"$(SRCROOT)/.build/checkouts/CRuntime/Sources/CRuntime",
				);
				INFOPLIST_FILE = Runtime.xcodeproj/Runtime_Info.plist;
				IPHONEOS_DEPLOYMENT_TARGET = 8.0;
				LD_RUNPATH_SEARCH_PATHS = "$(inherited) $(TOOLCHAIN_DIR)/usr/lib/swift/macosx";
				MACOSX_DEPLOYMENT_TARGET = 10.10;
				OTHER_CFLAGS = "$(inherited)";
				OTHER_LDFLAGS = "$(inherited)";
				OTHER_SWIFT_FLAGS = "$(inherited)";
				PRODUCT_BUNDLE_IDENTIFIER = Runtime;
				PRODUCT_MODULE_NAME = "$(TARGET_NAME:c99extidentifier)";
				PRODUCT_NAME = "$(TARGET_NAME:c99extidentifier)";
				SKIP_INSTALL = YES;
				SWIFT_ACTIVE_COMPILATION_CONDITIONS = "$(inherited)";
				SWIFT_VERSION = 5.0;
				TARGET_NAME = Runtime;
				TVOS_DEPLOYMENT_TARGET = 9.0;
				WATCHOS_DEPLOYMENT_TARGET = 2.0;
			};
			name = Release;
		};
/* End XCBuildConfiguration section */

/* Begin XCConfigurationList section */
		OBJ_137 /* Build configuration list for PBXNativeTarget "RuntimePackageDescription" */ = {
			isa = XCConfigurationList;
			buildConfigurations = (
				OBJ_138 /* Debug */,
				OBJ_139 /* Release */,
			);
			defaultConfigurationIsVisible = 0;
			defaultConfigurationName = Release;
		};
		OBJ_143 /* Build configuration list for PBXAggregateTarget "RuntimePackageTests" */ = {
			isa = XCConfigurationList;
			buildConfigurations = (
				OBJ_144 /* Debug */,
				OBJ_145 /* Release */,
			);
			defaultConfigurationIsVisible = 0;
			defaultConfigurationName = Release;
		};
		OBJ_148 /* Build configuration list for PBXNativeTarget "RuntimeTests" */ = {
			isa = XCConfigurationList;
			buildConfigurations = (
				OBJ_149 /* Debug */,
				OBJ_150 /* Release */,
			);
			defaultConfigurationIsVisible = 0;
			defaultConfigurationName = Release;
		};
		OBJ_2 /* Build configuration list for PBXProject "Runtime" */ = {
			isa = XCConfigurationList;
			buildConfigurations = (
				OBJ_3 /* Debug */,
				OBJ_4 /* Release */,
			);
			defaultConfigurationIsVisible = 0;
			defaultConfigurationName = Release;
		};
		OBJ_82 /* Build configuration list for PBXAggregateTarget "CRuntime" */ = {
			isa = XCConfigurationList;
			buildConfigurations = (
				OBJ_83 /* Debug */,
				OBJ_84 /* Release */,
			);
			defaultConfigurationIsVisible = 0;
			defaultConfigurationName = Release;
		};
		OBJ_86 /* Build configuration list for PBXNativeTarget "Runtime" */ = {
			isa = XCConfigurationList;
			buildConfigurations = (
				OBJ_87 /* Debug */,
				OBJ_88 /* Release */,
			);
			defaultConfigurationIsVisible = 0;
			defaultConfigurationName = Release;
		};
/* End XCConfigurationList section */
	};
	rootObject = OBJ_1 /* Project object */;
}
